{
  "requires": true,
  "lockfileVersion": 1,
  "dependencies": {
    "split-lines": {
      "version": "2.0.0",
      "resolved": "https://registry.npmjs.org/split-lines/-/split-lines-2.0.0.tgz",
      "integrity": "sha512-gaIdhbqxkB5/VflPXsJwZvEzh/kdwiRPF9iqpkxX4us+lzB8INedFwjCyo6vwuz5x2Ddlnav2zh270CEjCG8mA=="
    }
  }
}
